// !$*UTF8*$!
{
	archiveVersion = 1;
	classes = {
	};
	objectVersion = 50;
	objects = {

/* Begin PBXBuildFile section */
		7547C232230A93A500736BDA /* AppDelegate.m in Sources */ = {isa = PBXBuildFile; fileRef = 7547C231230A93A500736BDA /* AppDelegate.m */; };
		7547C235230A93A500736BDA /* ViewController.m in Sources */ = {isa = PBXBuildFile; fileRef = 7547C234230A93A500736BDA /* ViewController.m */; };
		7547C238230A93A600736BDA /* Main.storyboard in Resources */ = {isa = PBXBuildFile; fileRef = 7547C236230A93A600736BDA /* Main.storyboard */; };
		7547C23A230A93AA00736BDA /* Assets.xcassets in Resources */ = {isa = PBXBuildFile; fileRef = 7547C239230A93AA00736BDA /* Assets.xcassets */; };
		7547C240230A93AA00736BDA /* main.m in Sources */ = {isa = PBXBuildFile; fileRef = 7547C23F230A93AA00736BDA /* main.m */; };
		7547C248230A952400736BDA /* ZPPerson.m in Sources */ = {isa = PBXBuildFile; fileRef = 7547C247230A952400736BDA /* ZPPerson.m */; };
/* End PBXBuildFile section */

/* Begin PBXFileReference section */
		7547C22D230A93A500736BDA /* copy关键字.app */ = {isa = PBXFileReference; explicitFileType = wrapper.application; includeInIndex = 0; path = "copy关键字.app"; sourceTree = BUILT_PRODUCTS_DIR; };
		7547C230230A93A500736BDA /* AppDelegate.h */ = {isa = PBXFileReference; lastKnownFileType = sourcecode.c.h; path = AppDelegate.h; sourceTree = "<group>"; };
		7547C231230A93A500736BDA /* AppDelegate.m */ = {isa = PBXFileReference; lastKnownFileType = sourcecode.c.objc; path = AppDelegate.m; sourceTree = "<group>"; };
		7547C233230A93A500736BDA /* ViewController.h */ = {isa = PBXFileReference; lastKnownFileType = sourcecode.c.h; path = ViewController.h; sourceTree = "<group>"; };
		7547C234230A93A500736BDA /* ViewController.m */ = {isa = PBXFileReference; lastKnownFileType = sourcecode.c.objc; path = ViewController.m; sourceTree = "<group>"; };
		7547C237230A93A600736BDA /* Base */ = {isa = PBXFileReference; lastKnownFileType = file.storyboard; name = Base; path = Base.lproj/Main.storyboard; sourceTree = "<group>"; };
		7547C239230A93AA00736BDA /* Assets.xcassets */ = {isa = PBXFileReference; lastKnownFileType = folder.assetcatalog; path = Assets.xcassets; sourceTree = "<group>"; };
		7547C23E230A93AA00736BDA /* Info.plist */ = {isa = PBXFileReference; lastKnownFileType = text.plist.xml; path = Info.plist; sourceTree = "<group>"; };
		7547C23F230A93AA00736BDA /* main.m */ = {isa = PBXFileReference; lastKnownFileType = sourcecode.c.objc; path = main.m; sourceTree = "<group>"; };
		7547C246230A952400736BDA /* ZPPerson.h */ = {isa = PBXFileReference; lastKnownFileType = sourcecode.c.h; path = ZPPerson.h; sourceTree = "<group>"; };
		7547C247230A952400736BDA /* ZPPerson.m */ = {isa = PBXFileReference; lastKnownFileType = sourcecode.c.objc; path = ZPPerson.m; sourceTree = "<group>"; };
/* End PBXFileReference section */

/* Begin PBXFrameworksBuildPhase section */
		7547C22A230A93A500736BDA /* Frameworks */ = {
			isa = PBXFrameworksBuildPhase;
			buildActionMask = 2147483647;
			files = (
			);
			runOnlyForDeploymentPostprocessing = 0;
		};
/* End PBXFrameworksBuildPhase section */

/* Begin PBXGroup section */
		7547C224230A93A500736BDA = {
			isa = PBXGroup;
			children = (
				7547C22F230A93A500736BDA /* copy关键字 */,
				7547C22E230A93A500736BDA /* Products */,
			);
			sourceTree = "<group>";
		};
		7547C22E230A93A500736BDA /* Products */ = {
			isa = PBXGroup;
			children = (
				7547C22D230A93A500736BDA /* copy关键字.app */,
			);
			name = Products;
			sourceTree = "<group>";
		};
		7547C22F230A93A500736BDA /* copy关键字 */ = {
			isa = PBXGroup;
			children = (
				7547C230230A93A500736BDA /* AppDelegate.h */,
				7547C231230A93A500736BDA /* AppDelegate.m */,
				7547C233230A93A500736BDA /* ViewController.h */,
				7547C234230A93A500736BDA /* ViewController.m */,
				7547C246230A952400736BDA /* ZPPerson.h */,
				7547C247230A952400736BDA /* ZPPerson.m */,
				7547C236230A93A600736BDA /* Main.storyboard */,
				7547C239230A93AA00736BDA /* Assets.xcassets */,
				7547C23E230A93AA00736BDA /* Info.plist */,
				7547C23F230A93AA00736BDA /* main.m */,
			);
			path = "copy关键字";
			sourceTree = "<group>";
		};
/* End PBXGroup section */

/* Begin PBXNativeTarget section */
		7547C22C230A93A500736BDA /* copy关键字 */ = {
			isa = PBXNativeTarget;
			buildConfigurationList = 7547C243230A93AA00736BDA /* Build configuration list for PBXNativeTarget "copy关键字" */;
			buildPhases = (
				7547C229230A93A500736BDA /* Sources */,
				7547C22A230A93A500736BDA /* Frameworks */,
				7547C22B230A93A500736BDA /* Resources */,
			);
			buildRules = (
			);
			dependencies = (
			);
			name = "copy关键字";
			productName = "copy关键字";
			productReference = 7547C22D230A93A500736BDA /* copy关键字.app */;
			productType = "com.apple.product-type.application";
		};
/* End PBXNativeTarget section */

/* Begin PBXProject section */
		7547C225230A93A500736BDA /* Project object */ = {
			isa = PBXProject;
			attributes = {
				CLASSPREFIX = ZP;
				LastUpgradeCheck = 1030;
				ORGANIZATIONNAME = "赵鹏";
				TargetAttributes = {
					7547C22C230A93A500736BDA = {
						CreatedOnToolsVersion = 10.3;
					};
				};
			};
			buildConfigurationList = 7547C228230A93A500736BDA /* Build configuration list for PBXProject "copy关键字" */;
			compatibilityVersion = "Xcode 9.3";
			developmentRegion = en;
			hasScannedForEncodings = 0;
			knownRegions = (
				en,
				Base,
			);
			mainGroup = 7547C224230A93A500736BDA;
			productRefGroup = 7547C22E230A93A500736BDA /* Products */;
			projectDirPath = "";
			projectRoot = "";
			targets = (
				7547C22C230A93A500736BDA /* copy关键字 */,
			);
		};
/* End PBXProject section */

/* Begin PBXResourcesBuildPhase section */
		7547C22B230A93A500736BDA /* Resources */ = {
			isa = PBXResourcesBuildPhase;
			buildActionMask = 2147483647;
			files = (
				7547C23A230A93AA00736BDA /* Assets.xcassets in Resources */,
				7547C238230A93A600736BDA /* Main.storyboard in Resources */,
			);
			runOnlyForDeploymentPostprocessing = 0;
		};
/* End PBXResourcesBuildPhase section */

/* Begin PBXSourcesBuildPhase section */
		7547C229230A93A500736BDA /* Sources */ = {
			isa = PBXSourcesBuildPhase;
			buildActionMask = 2147483647;
			files = (
				7547C235230A93A500736BDA /* ViewController.m in Sources */,
				7547C240230A93AA00736BDA /* main.m in Sources */,
				7547C248230A952400736BDA /* ZPPerson.m in Sources */,
				7547C232230A93A500736BDA /* AppDelegate.m in Sources */,
			);
			runOnlyForDeploymentPostprocessing = 0;
		};
/* End PBXSourcesBuildPhase section */

/* Begin PBXVariantGroup section */
		7547C236230A93A600736BDA /* Main.storyboard */ = {
			isa = PBXVariantGroup;
			children = (
				7547C237230A93A600736BDA /* Base */,
			);
			name = Main.storyboard;
			sourceTree = "<group>";
		};
/* End PBXVariantGroup section */

/* Begin XCBuildConfiguration section */
		7547C241230A93AA00736BDA /* Debug */ = {
			isa = XCBuildConfiguration;
			buildSettings = {
				ALWAYS_SEARCH_USER_PATHS = NO;
				CLANG_ANALYZER_NONNULL = YES;
				CLANG_ANALYZER_NUMBER_OBJECT_CONVERSION = YES_AGGRESSIVE;
				CLANG_CXX_LANGUAGE_STANDARD = "gnu++14";
				CLANG_CXX_LIBRARY = "libc++";
				CLANG_ENABLE_MODULES = YES;
				CLANG_ENABLE_OBJC_ARC = YES;
				CLANG_ENABLE_OBJC_WEAK = YES;
				CLANG_WARN_BLOCK_CAPTURE_AUTORELEASING = YES;
				CLANG_WARN_BOOL_CONVERSION = YES;
				CLANG_WARN_COMMA = YES;
				CLANG_WARN_CONSTANT_CONVERSION = YES;
				CLANG_WARN_DEPRECATED_OBJC_IMPLEMENTATIONS = YES;
				CLANG_WARN_DIRECT_OBJC_ISA_USAGE = YES_ERROR;
				CLANG_WARN_DOCUMENTATION_COMMENTS = YES;
				CLANG_WARN_EMPTY_BODY = YES;
				CLANG_WARN_ENUM_CONVERSION = YES;
				CLANG_WARN_INFINITE_RECURSION = YES;
				CLANG_WARN_INT_CONVERSION = YES;
				CLANG_WARN_NON_LITERAL_NULL_CONVERSION = YES;
				CLANG_WARN_OBJC_IMPLICIT_RETAIN_SELF = YES;
				CLANG_WARN_OBJC_LITERAL_CONVERSION = YES;
				CLANG_WARN_OBJC_ROOT_CLASS = YES_ERROR;
				CLANG_WARN_RANGE_LOOP_ANALYSIS = YES;
				CLANG_WARN_STRICT_PROTOTYPES = YES;
				CLANG_WARN_SUSPICIOUS_MOVE = YES;
				CLANG_WARN_UNGUARDED_AVAILABILITY = YES_AGGRESSIVE;
				CLANG_WARN_UNREACHABLE_CODE = YES;
				CLANG_WARN__DUPLICATE_METHOD_MATCH = YES;
				CODE_SIGN_IDENTITY = "iPhone Developer";
				COPY_PHASE_STRIP = NO;
				DEBUG_INFORMATION_FORMAT = dwarf;
				ENABLE_STRICT_OBJC_MSGSEND = YES;
				ENABLE_TESTABILITY = YES;
				GCC_C_LANGUAGE_STANDARD = gnu11;
				GCC_DYNAMIC_NO_PIC = NO;
				GCC_NO_COMMON_BLOCKS = YES;
				GCC_OPTIMIZATION_LEVEL = 0;
				GCC_PREPROCESSOR_DEFINITIONS = (
					"DEBUG=1",
					"$(inherited)",
				);
				GCC_WARN_64_TO_32_BIT_CONVERSION = YES;
				GCC_WARN_ABOUT_RETURN_TYPE = YES_ERROR;
				GCC_WARN_UNDECLARED_SELECTOR = YES;
				GCC_WARN_UNINITIALIZED_AUTOS = YES_AGGRESSIVE;
				GCC_WARN_UNUSED_FUNCTION = YES;
				GCC_WARN_UNUSED_VARIABLE = YES;
				IPHONEOS_DEPLOYMENT_TARGET = 12.4;
				MTL_ENABLE_DEBUG_INFO = INCLUDE_SOURCE;
				MTL_FAST_MATH = YES;
				ONLY_ACTIVE_ARCH = YES;
				SDKROOT = iphoneos;
			};
			name = Debug;
		};
		7547C242230A93AA00736BDA /* Release */ = {
			isa = XCBuildConfiguration;
			buildSettings = {
				ALWAYS_SEARCH_USER_PATHS = NO;
				CLANG_ANALYZER_NONNULL = YES;
				CLANG_ANALYZER_NUMBER_OBJECT_CONVERSION = YES_AGGRESSIVE;
				CLANG_CXX_LANGUAGE_STANDARD = "gnu++14";
				CLANG_CXX_LIBRARY = "libc++";
				CLANG_ENABLE_MODULES = YES;
				CLANG_ENABLE_OBJC_ARC = YES;
				CLANG_ENABLE_OBJC_WEAK = YES;
				CLANG_WARN_BLOCK_CAPTURE_AUTORELEASING = YES;
				CLANG_WARN_BOOL_CONVERSION = YES;
				CLANG_WARN_COMMA = YES;
				CLANG_WARN_CONSTANT_CONVERSION = YES;
				CLANG_WARN_DEPRECATED_OBJC_IMPLEMENTATIONS = YES;
				CLANG_WARN_DIRECT_OBJC_ISA_USAGE = YES_ERROR;
				CLANG_WARN_DOCUMENTATION_COMMENTS = YES;
				CLANG_WARN_EMPTY_BODY = YES;
				CLANG_WARN_ENUM_CONVERSION = YES;
				CLANG_WARN_INFINITE_RECURSION = YES;
				CLANG_WARN_INT_CONVERSION = YES;
				CLANG_WARN_NON_LITERAL_NULL_CONVERSION = YES;
				CLANG_WARN_OBJC_IMPLICIT_RETAIN_SELF = YES;
				CLANG_WARN_OBJC_LITERAL_CONVERSION = YES;
				CLANG_WARN_OBJC_ROOT_CLASS = YES_ERROR;
				CLANG_WARN_RANGE_LOOP_ANALYSIS = YES;
				CLANG_WARN_STRICT_PROTOTYPES = YES;
				CLANG_WARN_SUSPICIOUS_MOVE = YES;
				CLANG_WARN_UNGUARDED_AVAILABILITY = YES_AGGRESSIVE;
				CLANG_WARN_UNREACHABLE_CODE = YES;
				CLANG_WARN__DUPLICATE_METHOD_MATCH = YES;
				CODE_SIGN_IDENTITY = "iPhone Developer";
				COPY_PHASE_STRIP = NO;
				DEBUG_INFORMATION_FORMAT = "dwarf-with-dsym";
				ENABLE_NS_ASSERTIONS = NO;
				ENABLE_STRICT_OBJC_MSGSEND = YES;
				GCC_C_LANGUAGE_STANDARD = gnu11;
				GCC_NO_COMMON_BLOCKS = YES;
				GCC_WARN_64_TO_32_BIT_CONVERSION = YES;
				GCC_WARN_ABOUT_RETURN_TYPE = YES_ERROR;
				GCC_WARN_UNDECLARED_SELECTOR = YES;
				GCC_WARN_UNINITIALIZED_AUTOS = YES_AGGRESSIVE;
				GCC_WARN_UNUSED_FUNCTION = YES;
				GCC_WARN_UNUSED_VARIABLE = YES;
				IPHONEOS_DEPLOYMENT_TARGET = 12.4;
				MTL_ENABLE_DEBUG_INFO = NO;
				MTL_FAST_MATH = YES;
				SDKROOT = iphoneos;
				VALIDATE_PRODUCT = YES;
			};
			name = Release;
		};
		7547C244230A93AA00736BDA /* Debug */ = {
			isa = XCBuildConfiguration;
			buildSettings = {
				ASSETCATALOG_COMPILER_APPICON_NAME = AppIcon;
				CLANG_ENABLE_OBJC_ARC = NO;
				CODE_SIGN_STYLE = Automatic;
				INFOPLIST_FILE = "copy关键字/Info.plist";
				LD_RUNPATH_SEARCH_PATHS = (
					"$(inherited)",
					"@executable_path/Frameworks",
				);
				PRODUCT_BUNDLE_IDENTIFIER = "Home.copy---";
				PRODUCT_NAME = "$(TARGET_NAME)";
				TARGETED_DEVICE_FAMILY = "1,2";
			};
			name = Debug;
		};
		7547C245230A93AA00736BDA /* Release */ = {
			isa = XCBuildConfiguration;
			buildSettings = {
				ASSETCATALOG_COMPILER_APPICON_NAME = AppIcon;
				CLANG_ENABLE_OBJC_ARC = NO;
				CODE_SIGN_STYLE = Automatic;
				INFOPLIST_FILE = "copy关键字/Info.plist";
				LD_RUNPATH_SEARCH_PATHS = (
					"$(inherited)",
					"@executable_path/Frameworks",
				);
				PRODUCT_BUNDLE_IDENTIFIER = "Home.copy---";
				PRODUCT_NAME = "$(TARGET_NAME)";
				TARGETED_DEVICE_FAMILY = "1,2";
			};
			name = Release;
		};
/* End XCBuildConfiguration section */

/* Begin XCConfigurationList section */
		7547C228230A93A500736BDA /* Build configuration list for PBXProject "copy关键字" */ = {
			isa = XCConfigurationList;
			buildConfigurations = (
				7547C241230A93AA00736BDA /* Debug */,
				7547C242230A93AA00736BDA /* Release */,
			);
			defaultConfigurationIsVisible = 0;
			defaultConfigurationName = Release;
		};
		7547C243230A93AA00736BDA /* Build configuration list for PBXNativeTarget "copy关键字" */ = {
			isa = XCConfigurationList;
			buildConfigurations = (
				7547C244230A93AA00736BDA /* Debug */,
				7547C245230A93AA00736BDA /* Release */,
			);
			defaultConfigurationIsVisible = 0;
			defaultConfigurationName = Release;
		};
/* End XCConfigurationList section */
	};
	rootObject = 7547C225230A93A500736BDA /* Project object */;
}
